// !$*UTF8*$!
{
	archiveVersion = 1;
	classes = {
	};
	objectVersion = 52;
	objects = {

/* Begin PBXBuildFile section */
		EE1B271B2523CF820088A6FC /* main.swift in Sources */ = {isa = PBXBuildFile; fileRef = EE1B271A2523CF820088A6FC /* main.swift */; };
		EE1B27232523D0750088A6FC /* JsonDownloader.swift in Sources */ = {isa = PBXBuildFile; fileRef = EE1B27222523D0750088A6FC /* JsonDownloader.swift */; };
		EE1B27272523D12A0088A6FC /* Zip in Frameworks */ = {isa = PBXBuildFile; productRef = EE1B27262523D12A0088A6FC /* Zip */; };
		EE20F9E7252410B800D32719 /* Updates.swift in Sources */ = {isa = PBXBuildFile; fileRef = EE20F9E6252410B800D32719 /* Updates.swift */; };
		EE7D91182523F83C00F393D7 /* MTGSet.swift in Sources */ = {isa = PBXBuildFile; fileRef = EE7D91172523F83C00F393D7 /* MTGSet.swift */; };
/* End PBXBuildFile section */

/* Begin PBXCopyFilesBuildPhase section */
		EE1B27152523CF820088A6FC /* CopyFiles */ = {
			isa = PBXCopyFilesBuildPhase;
			buildActionMask = 2147483647;
			dstPath = /usr/share/man/man1/;
			dstSubfolderSpec = 0;
			files = (
			);
			runOnlyForDeploymentPostprocessing = 1;
		};
/* End PBXCopyFilesBuildPhase section */

/* Begin PBXFileReference section */
		EE1B27172523CF820088A6FC /* MTGJsonDiff */ = {isa = PBXFileReference; explicitFileType = "compiled.mach-o.executable"; includeInIndex = 0; path = MTGJsonDiff; sourceTree = BUILT_PRODUCTS_DIR; };
		EE1B271A2523CF820088A6FC /* main.swift */ = {isa = PBXFileReference; lastKnownFileType = sourcecode.swift; path = main.swift; sourceTree = "<group>"; };
		EE1B27222523D0750088A6FC /* JsonDownloader.swift */ = {isa = PBXFileReference; lastKnownFileType = sourcecode.swift; path = JsonDownloader.swift; sourceTree = "<group>"; };
		EE1B27292523D42C0088A6FC /* MTGJsonDiff.entitlements */ = {isa = PBXFileReference; lastKnownFileType = text.plist.entitlements; path = MTGJsonDiff.entitlements; sourceTree = "<group>"; };
		EE20F9E6252410B800D32719 /* Updates.swift */ = {isa = PBXFileReference; lastKnownFileType = sourcecode.swift; path = Updates.swift; sourceTree = "<group>"; };
		EE7D91172523F83C00F393D7 /* MTGSet.swift */ = {isa = PBXFileReference; lastKnownFileType = sourcecode.swift; path = MTGSet.swift; sourceTree = "<group>"; };
/* End PBXFileReference section */

/* Begin PBXFrameworksBuildPhase section */
		EE1B27142523CF820088A6FC /* Frameworks */ = {
			isa = PBXFrameworksBuildPhase;
			buildActionMask = 2147483647;
			files = (
				EE1B27272523D12A0088A6FC /* Zip in Frameworks */,
			);
			runOnlyForDeploymentPostprocessing = 0;
		};
/* End PBXFrameworksBuildPhase section */

/* Begin PBXGroup section */
		EE1B270E2523CF820088A6FC = {
			isa = PBXGroup;
			children = (
				EE1B27192523CF820088A6FC /* MTGJsonDiff */,
				EE1B27182523CF820088A6FC /* Products */,
			);
			sourceTree = "<group>";
		};
		EE1B27182523CF820088A6FC /* Products */ = {
			isa = PBXGroup;
			children = (
				EE1B27172523CF820088A6FC /* MTGJsonDiff */,
			);
			name = Products;
			sourceTree = "<group>";
		};
		EE1B27192523CF820088A6FC /* MTGJsonDiff */ = {
			isa = PBXGroup;
			children = (
				EE1B27292523D42C0088A6FC /* MTGJsonDiff.entitlements */,
				EE1B271A2523CF820088A6FC /* main.swift */,
				EE1B27222523D0750088A6FC /* JsonDownloader.swift */,
				EE7D91172523F83C00F393D7 /* MTGSet.swift */,
				EE20F9E6252410B800D32719 /* Updates.swift */,
			);
			path = MTGJsonDiff;
			sourceTree = "<group>";
		};
/* End PBXGroup section */

/* Begin PBXNativeTarget section */
		EE1B27162523CF820088A6FC /* MTGJsonDiff */ = {
			isa = PBXNativeTarget;
			buildConfigurationList = EE1B271E2523CF820088A6FC /* Build configuration list for PBXNativeTarget "MTGJsonDiff" */;
			buildPhases = (
				EE1B27132523CF820088A6FC /* Sources */,
				EE1B27142523CF820088A6FC /* Frameworks */,
				EE1B27152523CF820088A6FC /* CopyFiles */,
			);
			buildRules = (
			);
			dependencies = (
			);
			name = MTGJsonDiff;
			packageProductDependencies = (
				EE1B27262523D12A0088A6FC /* Zip */,
			);
			productName = MTGJsonDeff;
			productReference = EE1B27172523CF820088A6FC /* MTGJsonDiff */;
			productType = "com.apple.product-type.tool";
		};
/* End PBXNativeTarget section */

/* Begin PBXProject section */
		EE1B270F2523CF820088A6FC /* Project object */ = {
			isa = PBXProject;
			attributes = {
				LastSwiftUpdateCheck = 1200;
				LastUpgradeCheck = 1220;
				TargetAttributes = {
					EE1B27162523CF820088A6FC = {
						CreatedOnToolsVersion = 12.0;
					};
				};
			};
			buildConfigurationList = EE1B27122523CF820088A6FC /* Build configuration list for PBXProject "MTGJsonDiff" */;
			compatibilityVersion = "Xcode 9.3";
			developmentRegion = en;
			hasScannedForEncodings = 0;
			knownRegions = (
				en,
				Base,
			);
			mainGroup = EE1B270E2523CF820088A6FC;
			packageReferences = (
				EE1B27252523D12A0088A6FC /* XCRemoteSwiftPackageReference "Zip" */,
			);
			productRefGroup = EE1B27182523CF820088A6FC /* Products */;
			projectDirPath = "";
			projectRoot = "";
			targets = (
				EE1B27162523CF820088A6FC /* MTGJsonDiff */,
			);
		};
/* End PBXProject section */

/* Begin PBXSourcesBuildPhase section */
		EE1B27132523CF820088A6FC /* Sources */ = {
			isa = PBXSourcesBuildPhase;
			buildActionMask = 2147483647;
			files = (
				EE1B27232523D0750088A6FC /* JsonDownloader.swift in Sources */,
				EE1B271B2523CF820088A6FC /* main.swift in Sources */,
				EE20F9E7252410B800D32719 /* Updates.swift in Sources */,
				EE7D91182523F83C00F393D7 /* MTGSet.swift in Sources */,
			);
			runOnlyForDeploymentPostprocessing = 0;
		};
/* End PBXSourcesBuildPhase section */

/* Begin XCBuildConfiguration section */
		EE1B271C2523CF820088A6FC /* Debug */ = {
			isa = XCBuildConfiguration;
			buildSettings = {
				ALWAYS_SEARCH_USER_PATHS = NO;
				CLANG_ANALYZER_NONNULL = YES;
				CLANG_ANALYZER_NUMBER_OBJECT_CONVERSION = YES_AGGRESSIVE;
				CLANG_CXX_LANGUAGE_STANDARD = "gnu++14";
				CLANG_CXX_LIBRARY = "libc++";
				CLANG_ENABLE_MODULES = YES;
				CLANG_ENABLE_OBJC_ARC = YES;
				CLANG_ENABLE_OBJC_WEAK = YES;
				CLANG_WARN_BLOCK_CAPTURE_AUTORELEASING = YES;
				CLANG_WARN_BOOL_CONVERSION = YES;
				CLANG_WARN_COMMA = YES;
				CLANG_WARN_CONSTANT_CONVERSION = YES;
				CLANG_WARN_DEPRECATED_OBJC_IMPLEMENTATIONS = YES;
				CLANG_WARN_DIRECT_OBJC_ISA_USAGE = YES_ERROR;
				CLANG_WARN_DOCUMENTATION_COMMENTS = YES;
				CLANG_WARN_EMPTY_BODY = YES;
				CLANG_WARN_ENUM_CONVERSION = YES;
				CLANG_WARN_INFINITE_RECURSION = YES;
				CLANG_WARN_INT_CONVERSION = YES;
				CLANG_WARN_NON_LITERAL_NULL_CONVERSION = YES;
				CLANG_WARN_OBJC_IMPLICIT_RETAIN_SELF = YES;
				CLANG_WARN_OBJC_LITERAL_CONVERSION = YES;
				CLANG_WARN_OBJC_ROOT_CLASS = YES_ERROR;
				CLANG_WARN_QUOTED_INCLUDE_IN_FRAMEWORK_HEADER = YES;
				CLANG_WARN_RANGE_LOOP_ANALYSIS = YES;
				CLANG_WARN_STRICT_PROTOTYPES = YES;
				CLANG_WARN_SUSPICIOUS_MOVE = YES;
				CLANG_WARN_UNGUARDED_AVAILABILITY = YES_AGGRESSIVE;
				CLANG_WARN_UNREACHABLE_CODE = YES;
				CLANG_WARN__DUPLICATE_METHOD_MATCH = YES;
				COPY_PHASE_STRIP = NO;
				DEBUG_INFORMATION_FORMAT = dwarf;
				ENABLE_STRICT_OBJC_MSGSEND = YES;
				ENABLE_TESTABILITY = YES;
				GCC_C_LANGUAGE_STANDARD = gnu11;
				GCC_DYNAMIC_NO_PIC = NO;
				GCC_NO_COMMON_BLOCKS = YES;
				GCC_OPTIMIZATION_LEVEL = 0;
				GCC_PREPROCESSOR_DEFINITIONS = (
					"DEBUG=1",
					"$(inherited)",
				);
				GCC_WARN_64_TO_32_BIT_CONVERSION = YES;
				GCC_WARN_ABOUT_RETURN_TYPE = YES_ERROR;
				GCC_WARN_UNDECLARED_SELECTOR = YES;
				GCC_WARN_UNINITIALIZED_AUTOS = YES_AGGRESSIVE;
				GCC_WARN_UNUSED_FUNCTION = YES;
				GCC_WARN_UNUSED_VARIABLE = YES;
				MACOSX_DEPLOYMENT_TARGET = 10.14;
				MTL_ENABLE_DEBUG_INFO = INCLUDE_SOURCE;
				MTL_FAST_MATH = YES;
				ONLY_ACTIVE_ARCH = YES;
				SDKROOT = macosx;
				SWIFT_ACTIVE_COMPILATION_CONDITIONS = DEBUG;
				SWIFT_OPTIMIZATION_LEVEL = "-Onone";
			};
			name = Debug;
		};
		EE1B271D2523CF820088A6FC /* Release */ = {
			isa = XCBuildConfiguration;
			buildSettings = {
				ALWAYS_SEARCH_USER_PATHS = NO;
				CLANG_ANALYZER_NONNULL = YES;
				CLANG_ANALYZER_NUMBER_OBJECT_CONVERSION = YES_AGGRESSIVE;
				CLANG_CXX_LANGUAGE_STANDARD = "gnu++14";
				CLANG_CXX_LIBRARY = "libc++";
				CLANG_ENABLE_MODULES = YES;
				CLANG_ENABLE_OBJC_ARC = YES;
				CLANG_ENABLE_OBJC_WEAK = YES;
				CLANG_WARN_BLOCK_CAPTURE_AUTORELEASING = YES;
				CLANG_WARN_BOOL_CONVERSION = YES;
				CLANG_WARN_COMMA = YES;
				CLANG_WARN_CONSTANT_CONVERSION = YES;
				CLANG_WARN_DEPRECATED_OBJC_IMPLEMENTATIONS = YES;
				CLANG_WARN_DIRECT_OBJC_ISA_USAGE = YES_ERROR;
				CLANG_WARN_DOCUMENTATION_COMMENTS = YES;
				CLANG_WARN_EMPTY_BODY = YES;
				CLANG_WARN_ENUM_CONVERSION = YES;
				CLANG_WARN_INFINITE_RECURSION = YES;
				CLANG_WARN_INT_CONVERSION = YES;
				CLANG_WARN_NON_LITERAL_NULL_CONVERSION = YES;
				CLANG_WARN_OBJC_IMPLICIT_RETAIN_SELF = YES;
				CLANG_WARN_OBJC_LITERAL_CONVERSION = YES;
				CLANG_WARN_OBJC_ROOT_CLASS = YES_ERROR;
				CLANG_WARN_QUOTED_INCLUDE_IN_FRAMEWORK_HEADER = YES;
				CLANG_WARN_RANGE_LOOP_ANALYSIS = YES;
				CLANG_WARN_STRICT_PROTOTYPES = YES;
				CLANG_WARN_SUSPICIOUS_MOVE = YES;
				CLANG_WARN_UNGUARDED_AVAILABILITY = YES_AGGRESSIVE;
				CLANG_WARN_UNREACHABLE_CODE = YES;
				CLANG_WARN__DUPLICATE_METHOD_MATCH = YES;
				COPY_PHASE_STRIP = NO;
				DEBUG_INFORMATION_FORMAT = "dwarf-with-dsym";
				ENABLE_NS_ASSERTIONS = NO;
				ENABLE_STRICT_OBJC_MSGSEND = YES;
				GCC_C_LANGUAGE_STANDARD = gnu11;
				GCC_NO_COMMON_BLOCKS = YES;
				GCC_WARN_64_TO_32_BIT_CONVERSION = YES;
				GCC_WARN_ABOUT_RETURN_TYPE = YES_ERROR;
				GCC_WARN_UNDECLARED_SELECTOR = YES;
				GCC_WARN_UNINITIALIZED_AUTOS = YES_AGGRESSIVE;
				GCC_WARN_UNUSED_FUNCTION = YES;
				GCC_WARN_UNUSED_VARIABLE = YES;
				MACOSX_DEPLOYMENT_TARGET = 10.14;
				MTL_ENABLE_DEBUG_INFO = NO;
				MTL_FAST_MATH = YES;
				SDKROOT = macosx;
				SWIFT_COMPILATION_MODE = wholemodule;
				SWIFT_OPTIMIZATION_LEVEL = "-O";
			};
			name = Release;
		};
		EE1B271F2523CF820088A6FC /* Debug */ = {
			isa = XCBuildConfiguration;
			buildSettings = {
				CODE_SIGN_ENTITLEMENTS = MTGJsonDeff/MTGJsonDiff.entitlements;
				CODE_SIGN_IDENTITY = "-";
				CODE_SIGN_STYLE = Automatic;
				DEVELOPMENT_TEAM = JANZDS5D43;
				ENABLE_HARDENED_RUNTIME = YES;
				PRODUCT_NAME = "$(TARGET_NAME)";
				SWIFT_VERSION = 5.0;
			};
			name = Debug;
		};
		EE1B27202523CF820088A6FC /* Release */ = {
			isa = XCBuildConfiguration;
			buildSettings = {
				CODE_SIGN_ENTITLEMENTS = MTGJsonDeff/MTGJsonDiff.entitlements;
				CODE_SIGN_IDENTITY = "-";
				CODE_SIGN_STYLE = Automatic;
				DEVELOPMENT_TEAM = JANZDS5D43;
				ENABLE_HARDENED_RUNTIME = YES;
				PRODUCT_NAME = "$(TARGET_NAME)";
				SWIFT_VERSION = 5.0;
			};
			name = Release;
		};
/* End XCBuildConfiguration section */

/* Begin XCConfigurationList section */
		EE1B27122523CF820088A6FC /* Build configuration list for PBXProject "MTGJsonDiff" */ = {
			isa = XCConfigurationList;
			buildConfigurations = (
				EE1B271C2523CF820088A6FC /* Debug */,
				EE1B271D2523CF820088A6FC /* Release */,
			);
			defaultConfigurationIsVisible = 0;
			defaultConfigurationName = Release;
		};
		EE1B271E2523CF820088A6FC /* Build configuration list for PBXNativeTarget "MTGJsonDiff" */ = {
			isa = XCConfigurationList;
			buildConfigurations = (
				EE1B271F2523CF820088A6FC /* Debug */,
				EE1B27202523CF820088A6FC /* Release */,
			);
			defaultConfigurationIsVisible = 0;
			defaultConfigurationName = Release;
		};
/* End XCConfigurationList section */

/* Begin XCRemoteSwiftPackageReference section */
		EE1B27252523D12A0088A6FC /* XCRemoteSwiftPackageReference "Zip" */ = {
			isa = XCRemoteSwiftPackageReference;
			repositoryURL = "https://github.com/marmelroy/Zip.git";
			requirement = {
				kind = upToNextMajorVersion;
				minimumVersion = 2.1.1;
			};
		};
/* End XCRemoteSwiftPackageReference section */

/* Begin XCSwiftPackageProductDependency section */
		EE1B27262523D12A0088A6FC /* Zip */ = {
			isa = XCSwiftPackageProductDependency;
			package = EE1B27252523D12A0088A6FC /* XCRemoteSwiftPackageReference "Zip" */;
			productName = Zip;
		};
/* End XCSwiftPackageProductDependency section */
	};
	rootObject = EE1B270F2523CF820088A6FC /* Project object */;
}
